
Microsoft Visual Studio Solution File, Format Version 12.00
# Visual Studio 2012
Project("{FAE04EC0-301F-11D3-BF4B-00C04F79EFBC}") = "examserver", "examserver\examserver.csproj", "{D26E3F64-31E3-4E83-8E45-60EC57F9B840}"
EndProject
Global
	GlobalSection(SolutionConfigurationPlatforms) = preSolution
		Debug|Any CPU = Debug|Any CPU
		Release|Any CPU = Release|Any CPU
	EndGlobalSection
	GlobalSection(ProjectConfigurationPlatforms) = postSolution
		{D26E3F64-31E3-4E83-8E45-60EC57F9B840}.Debug|Any CPU.ActiveCfg = Debug|Any CPU
		{D26E3F64-31E3-4E83-8E45-60EC57F9B840}.Debug|Any CPU.Build.0 = Debug|Any CPU
		{D26E3F64-31E3-4E83-8E45-60EC57F9B840}.Release|Any CPU.ActiveCfg = Release|Any CPU
		{D26E3F64-31E3-4E83-8E45-60EC57F9B840}.Release|Any CPU.Build.0 = Release|Any CPU
	EndGlobalSection
	GlobalSection(SolutionProperties) = preSolution
		HideSolutionNode = FALSE
	EndGlobalSection
EndGlobal
