
Microsoft Visual Studio Solution File, Format Version 12.00
# Visual Studio 2012
Project("{FAE04EC0-301F-11D3-BF4B-00C04F79EFBC}") = "Course_projectohopelast", "Course_projectohopelast\Course_projectohopelast.csproj", "{7F0440C6-0002-4392-A1ED-CE81A49E3BB5}"
EndProject
Global
	GlobalSection(SolutionConfigurationPlatforms) = preSolution
		Debug|Any CPU = Debug|Any CPU
		Release|Any CPU = Release|Any CPU
	EndGlobalSection
	GlobalSection(ProjectConfigurationPlatforms) = postSolution
		{7F0440C6-0002-4392-A1ED-CE81A49E3BB5}.Debug|Any CPU.ActiveCfg = Debug|Any CPU
		{7F0440C6-0002-4392-A1ED-CE81A49E3BB5}.Debug|Any CPU.Build.0 = Debug|Any CPU
		{7F0440C6-0002-4392-A1ED-CE81A49E3BB5}.Release|Any CPU.ActiveCfg = Release|Any CPU
		{7F0440C6-0002-4392-A1ED-CE81A49E3BB5}.Release|Any CPU.Build.0 = Release|Any CPU
	EndGlobalSection
	GlobalSection(SolutionProperties) = preSolution
		HideSolutionNode = FALSE
	EndGlobalSection
EndGlobal
