
Microsoft Visual Studio Solution File, Format Version 12.00
# Visual Studio 2012
Project("{FAE04EC0-301F-11D3-BF4B-00C04F79EFBC}") = "course_last", "course_last\course_last.csproj", "{C7CBF651-5BD8-406E-ACB2-A79C0836707C}"
EndProject
Global
	GlobalSection(SolutionConfigurationPlatforms) = preSolution
		Debug|Any CPU = Debug|Any CPU
		Release|Any CPU = Release|Any CPU
	EndGlobalSection
	GlobalSection(ProjectConfigurationPlatforms) = postSolution
		{C7CBF651-5BD8-406E-ACB2-A79C0836707C}.Debug|Any CPU.ActiveCfg = Debug|Any CPU
		{C7CBF651-5BD8-406E-ACB2-A79C0836707C}.Debug|Any CPU.Build.0 = Debug|Any CPU
		{C7CBF651-5BD8-406E-ACB2-A79C0836707C}.Release|Any CPU.ActiveCfg = Release|Any CPU
		{C7CBF651-5BD8-406E-ACB2-A79C0836707C}.Release|Any CPU.Build.0 = Release|Any CPU
	EndGlobalSection
	GlobalSection(SolutionProperties) = preSolution
		HideSolutionNode = FALSE
	EndGlobalSection
EndGlobal
